
Microsoft Visual Studio Solution File, Format Version 12.00
# Visual Studio Version 16
VisualStudioVersion = 16.0.30717.126
MinimumVisualStudioVersion = 10.0.40219.1
Project("{8BC9CEB8-8B4A-11D0-8D11-00A0C91BC942}") = "rekt-interpreter", "rekt-interpreter.vcxproj", "{86ED0E5D-DE47-4E4C-BF9E-DC371B8DFDE8}"
EndProject
Global
	GlobalSection(SolutionConfigurationPlatforms) = preSolution
		Debug|x64 = Debug|x64
		Debug|x86 = Debug|x86
		Release|x64 = Release|x64
		Release|x86 = Release|x86
	EndGlobalSection
	GlobalSection(ProjectConfigurationPlatforms) = postSolution
		{86ED0E5D-DE47-4E4C-BF9E-DC371B8DFDE8}.Debug|x64.ActiveCfg = Debug|x64
		{86ED0E5D-DE47-4E4C-BF9E-DC371B8DFDE8}.Debug|x64.Build.0 = Debug|x64
		{86ED0E5D-DE47-4E4C-BF9E-DC371B8DFDE8}.Debug|x86.ActiveCfg = Debug|Win32
		{86ED0E5D-DE47-4E4C-BF9E-DC371B8DFDE8}.Debug|x86.Build.0 = Debug|Win32
		{86ED0E5D-DE47-4E4C-BF9E-DC371B8DFDE8}.Release|x64.ActiveCfg = Release|x64
		{86ED0E5D-DE47-4E4C-BF9E-DC371B8DFDE8}.Release|x64.Build.0 = Release|x64
		{86ED0E5D-DE47-4E4C-BF9E-DC371B8DFDE8}.Release|x86.ActiveCfg = Release|Win32
		{86ED0E5D-DE47-4E4C-BF9E-DC371B8DFDE8}.Release|x86.Build.0 = Release|Win32
	EndGlobalSection
	GlobalSection(SolutionProperties) = preSolution
		HideSolutionNode = FALSE
	EndGlobalSection
	GlobalSection(ExtensibilityGlobals) = postSolution
		SolutionGuid = {FA9B3CBA-BA3E-4FF8-B99B-52005E2F3708}
	EndGlobalSection
EndGlobal
